
Microsoft Visual Studio Solution File, Format Version 12.00
# Visual Studio Version 17
VisualStudioVersion = 17.5.33627.172
MinimumVisualStudioVersion = 10.0.40219.1
Project("{FAE04EC0-301F-11D3-BF4B-00C04F79EFBC}") = "EvaMedidores", "EvaMedidores\EvaMedidores.csproj", "{43B97196-31A2-4D57-A6B7-0C4E15B6B712}"
EndProject
Project("{FAE04EC0-301F-11D3-BF4B-00C04F79EFBC}") = "EvaMedidoresModel", "EvaMedidoresModel\EvaMedidoresModel.csproj", "{2B8AF2CA-E518-4A0B-BFF8-7D70C6FC003D}"
EndProject
Project("{FAE04EC0-301F-11D3-BF4B-00C04F79EFBC}") = "ServidorSocketUtil", "ServidorSocketUtil\ServidorSocketUtil.csproj", "{DB7AC787-97C1-443E-9EB4-7D91F1451797}"
EndProject
Global
	GlobalSection(SolutionConfigurationPlatforms) = preSolution
		Debug|Any CPU = Debug|Any CPU
		Release|Any CPU = Release|Any CPU
	EndGlobalSection
	GlobalSection(ProjectConfigurationPlatforms) = postSolution
		{43B97196-31A2-4D57-A6B7-0C4E15B6B712}.Debug|Any CPU.ActiveCfg = Debug|Any CPU
		{43B97196-31A2-4D57-A6B7-0C4E15B6B712}.Debug|Any CPU.Build.0 = Debug|Any CPU
		{43B97196-31A2-4D57-A6B7-0C4E15B6B712}.Release|Any CPU.ActiveCfg = Release|Any CPU
		{43B97196-31A2-4D57-A6B7-0C4E15B6B712}.Release|Any CPU.Build.0 = Release|Any CPU
		{2B8AF2CA-E518-4A0B-BFF8-7D70C6FC003D}.Debug|Any CPU.ActiveCfg = Debug|Any CPU
		{2B8AF2CA-E518-4A0B-BFF8-7D70C6FC003D}.Debug|Any CPU.Build.0 = Debug|Any CPU
		{2B8AF2CA-E518-4A0B-BFF8-7D70C6FC003D}.Release|Any CPU.ActiveCfg = Release|Any CPU
		{2B8AF2CA-E518-4A0B-BFF8-7D70C6FC003D}.Release|Any CPU.Build.0 = Release|Any CPU
		{DB7AC787-97C1-443E-9EB4-7D91F1451797}.Debug|Any CPU.ActiveCfg = Debug|Any CPU
		{DB7AC787-97C1-443E-9EB4-7D91F1451797}.Debug|Any CPU.Build.0 = Debug|Any CPU
		{DB7AC787-97C1-443E-9EB4-7D91F1451797}.Release|Any CPU.ActiveCfg = Release|Any CPU
		{DB7AC787-97C1-443E-9EB4-7D91F1451797}.Release|Any CPU.Build.0 = Release|Any CPU
	EndGlobalSection
	GlobalSection(SolutionProperties) = preSolution
		HideSolutionNode = FALSE
	EndGlobalSection
	GlobalSection(ExtensibilityGlobals) = postSolution
		SolutionGuid = {29E25D94-349C-48C7-865A-C3D50BA204B9}
	EndGlobalSection
EndGlobal
